
Microsoft Visual Studio Solution File, Format Version 12.00
# Visual Studio Version 17
VisualStudioVersion = 17.1.32414.318
MinimumVisualStudioVersion = 10.0.40219.1
Project("{FAE04EC0-301F-11D3-BF4B-00C04F79EFBC}") = "User Interface", "User Interface\User Interface.csproj", "{2D0052B9-9D02-4170-A973-058533DEE496}"
EndProject
Global
	GlobalSection(SolutionConfigurationPlatforms) = preSolution
		Debug|Any CPU = Debug|Any CPU
		Release|Any CPU = Release|Any CPU
	EndGlobalSection
	GlobalSection(ProjectConfigurationPlatforms) = postSolution
		{2D0052B9-9D02-4170-A973-058533DEE496}.Debug|Any CPU.ActiveCfg = Debug|Any CPU
		{2D0052B9-9D02-4170-A973-058533DEE496}.Debug|Any CPU.Build.0 = Debug|Any CPU
		{2D0052B9-9D02-4170-A973-058533DEE496}.Release|Any CPU.ActiveCfg = Release|Any CPU
		{2D0052B9-9D02-4170-A973-058533DEE496}.Release|Any CPU.Build.0 = Release|Any CPU
	EndGlobalSection
	GlobalSection(SolutionProperties) = preSolution
		HideSolutionNode = FALSE
	EndGlobalSection
	GlobalSection(ExtensibilityGlobals) = postSolution
		SolutionGuid = {1C4B6A37-C753-4C4D-BE39-BEAC7C8A3AE8}
	EndGlobalSection
EndGlobal
